
Microsoft Visual Studio Solution File, Format Version 12.00
# Visual Studio Version 17
VisualStudioVersion = 17.0.32112.339
MinimumVisualStudioVersion = 10.0.40219.1
Project("{9A19103F-16F7-4668-BE54-9A1E7A4F7556}") = "ImageCore", "ImageCore\ImageCore.csproj", "{10AD7910-C8AA-43ED-9231-EBE267AC270F}"
EndProject
Project("{9A19103F-16F7-4668-BE54-9A1E7A4F7556}") = "ConsoleInterface", "ConsoleInterface\ConsoleInterface.csproj", "{F04E0337-23D3-4209-9BDE-B798090A7A63}"
EndProject
Project("{9A19103F-16F7-4668-BE54-9A1E7A4F7556}") = "ImageCore.Tests", "ImageCore.Tests\ImageCore.Tests.csproj", "{8EB81515-E62C-4408-84E0-6C27E0293902}"
EndProject
Global
	GlobalSection(SolutionConfigurationPlatforms) = preSolution
		Debug|Any CPU = Debug|Any CPU
		Debug|ARM = Debug|ARM
		Debug|ARM64 = Debug|ARM64
		Debug|x64 = Debug|x64
		Debug|x86 = Debug|x86
		Release|Any CPU = Release|Any CPU
		Release|ARM = Release|ARM
		Release|ARM64 = Release|ARM64
		Release|x64 = Release|x64
		Release|x86 = Release|x86
	EndGlobalSection
	GlobalSection(ProjectConfigurationPlatforms) = postSolution
		{10AD7910-C8AA-43ED-9231-EBE267AC270F}.Debug|Any CPU.ActiveCfg = Debug|Any CPU
		{10AD7910-C8AA-43ED-9231-EBE267AC270F}.Debug|Any CPU.Build.0 = Debug|Any CPU
		{10AD7910-C8AA-43ED-9231-EBE267AC270F}.Debug|ARM.ActiveCfg = Debug|Any CPU
		{10AD7910-C8AA-43ED-9231-EBE267AC270F}.Debug|ARM.Build.0 = Debug|Any CPU
		{10AD7910-C8AA-43ED-9231-EBE267AC270F}.Debug|ARM64.ActiveCfg = Debug|Any CPU
		{10AD7910-C8AA-43ED-9231-EBE267AC270F}.Debug|ARM64.Build.0 = Debug|Any CPU
		{10AD7910-C8AA-43ED-9231-EBE267AC270F}.Debug|x64.ActiveCfg = Debug|Any CPU
		{10AD7910-C8AA-43ED-9231-EBE267AC270F}.Debug|x64.Build.0 = Debug|Any CPU
		{10AD7910-C8AA-43ED-9231-EBE267AC270F}.Debug|x86.ActiveCfg = Debug|Any CPU
		{10AD7910-C8AA-43ED-9231-EBE267AC270F}.Debug|x86.Build.0 = Debug|Any CPU
		{10AD7910-C8AA-43ED-9231-EBE267AC270F}.Release|Any CPU.ActiveCfg = Release|Any CPU
		{10AD7910-C8AA-43ED-9231-EBE267AC270F}.Release|Any CPU.Build.0 = Release|Any CPU
		{10AD7910-C8AA-43ED-9231-EBE267AC270F}.Release|ARM.ActiveCfg = Release|Any CPU
		{10AD7910-C8AA-43ED-9231-EBE267AC270F}.Release|ARM.Build.0 = Release|Any CPU
		{10AD7910-C8AA-43ED-9231-EBE267AC270F}.Release|ARM64.ActiveCfg = Release|Any CPU
		{10AD7910-C8AA-43ED-9231-EBE267AC270F}.Release|ARM64.Build.0 = Release|Any CPU
		{10AD7910-C8AA-43ED-9231-EBE267AC270F}.Release|x64.ActiveCfg = Release|Any CPU
		{10AD7910-C8AA-43ED-9231-EBE267AC270F}.Release|x64.Build.0 = Release|Any CPU
		{10AD7910-C8AA-43ED-9231-EBE267AC270F}.Release|x86.ActiveCfg = Release|Any CPU
		{10AD7910-C8AA-43ED-9231-EBE267AC270F}.Release|x86.Build.0 = Release|Any CPU
		{F04E0337-23D3-4209-9BDE-B798090A7A63}.Debug|Any CPU.ActiveCfg = Debug|Any CPU
		{F04E0337-23D3-4209-9BDE-B798090A7A63}.Debug|Any CPU.Build.0 = Debug|Any CPU
		{F04E0337-23D3-4209-9BDE-B798090A7A63}.Debug|ARM.ActiveCfg = Debug|Any CPU
		{F04E0337-23D3-4209-9BDE-B798090A7A63}.Debug|ARM.Build.0 = Debug|Any CPU
		{F04E0337-23D3-4209-9BDE-B798090A7A63}.Debug|ARM64.ActiveCfg = Debug|Any CPU
		{F04E0337-23D3-4209-9BDE-B798090A7A63}.Debug|ARM64.Build.0 = Debug|Any CPU
		{F04E0337-23D3-4209-9BDE-B798090A7A63}.Debug|x64.ActiveCfg = Debug|Any CPU
		{F04E0337-23D3-4209-9BDE-B798090A7A63}.Debug|x64.Build.0 = Debug|Any CPU
		{F04E0337-23D3-4209-9BDE-B798090A7A63}.Debug|x86.ActiveCfg = Debug|Any CPU
		{F04E0337-23D3-4209-9BDE-B798090A7A63}.Debug|x86.Build.0 = Debug|Any CPU
		{F04E0337-23D3-4209-9BDE-B798090A7A63}.Release|Any CPU.ActiveCfg = Release|Any CPU
		{F04E0337-23D3-4209-9BDE-B798090A7A63}.Release|Any CPU.Build.0 = Release|Any CPU
		{F04E0337-23D3-4209-9BDE-B798090A7A63}.Release|ARM.ActiveCfg = Release|Any CPU
		{F04E0337-23D3-4209-9BDE-B798090A7A63}.Release|ARM.Build.0 = Release|Any CPU
		{F04E0337-23D3-4209-9BDE-B798090A7A63}.Release|ARM64.ActiveCfg = Release|Any CPU
		{F04E0337-23D3-4209-9BDE-B798090A7A63}.Release|ARM64.Build.0 = Release|Any CPU
		{F04E0337-23D3-4209-9BDE-B798090A7A63}.Release|x64.ActiveCfg = Release|Any CPU
		{F04E0337-23D3-4209-9BDE-B798090A7A63}.Release|x64.Build.0 = Release|Any CPU
		{F04E0337-23D3-4209-9BDE-B798090A7A63}.Release|x86.ActiveCfg = Release|Any CPU
		{F04E0337-23D3-4209-9BDE-B798090A7A63}.Release|x86.Build.0 = Release|Any CPU
		{8EB81515-E62C-4408-84E0-6C27E0293902}.Debug|Any CPU.ActiveCfg = Debug|Any CPU
		{8EB81515-E62C-4408-84E0-6C27E0293902}.Debug|Any CPU.Build.0 = Debug|Any CPU
		{8EB81515-E62C-4408-84E0-6C27E0293902}.Debug|ARM.ActiveCfg = Debug|Any CPU
		{8EB81515-E62C-4408-84E0-6C27E0293902}.Debug|ARM.Build.0 = Debug|Any CPU
		{8EB81515-E62C-4408-84E0-6C27E0293902}.Debug|ARM64.ActiveCfg = Debug|Any CPU
		{8EB81515-E62C-4408-84E0-6C27E0293902}.Debug|ARM64.Build.0 = Debug|Any CPU
		{8EB81515-E62C-4408-84E0-6C27E0293902}.Debug|x64.ActiveCfg = Debug|Any CPU
		{8EB81515-E62C-4408-84E0-6C27E0293902}.Debug|x64.Build.0 = Debug|Any CPU
		{8EB81515-E62C-4408-84E0-6C27E0293902}.Debug|x86.ActiveCfg = Debug|Any CPU
		{8EB81515-E62C-4408-84E0-6C27E0293902}.Debug|x86.Build.0 = Debug|Any CPU
		{8EB81515-E62C-4408-84E0-6C27E0293902}.Release|Any CPU.ActiveCfg = Release|Any CPU
		{8EB81515-E62C-4408-84E0-6C27E0293902}.Release|Any CPU.Build.0 = Release|Any CPU
		{8EB81515-E62C-4408-84E0-6C27E0293902}.Release|ARM.ActiveCfg = Release|Any CPU
		{8EB81515-E62C-4408-84E0-6C27E0293902}.Release|ARM.Build.0 = Release|Any CPU
		{8EB81515-E62C-4408-84E0-6C27E0293902}.Release|ARM64.ActiveCfg = Release|Any CPU
		{8EB81515-E62C-4408-84E0-6C27E0293902}.Release|ARM64.Build.0 = Release|Any CPU
		{8EB81515-E62C-4408-84E0-6C27E0293902}.Release|x64.ActiveCfg = Release|Any CPU
		{8EB81515-E62C-4408-84E0-6C27E0293902}.Release|x64.Build.0 = Release|Any CPU
		{8EB81515-E62C-4408-84E0-6C27E0293902}.Release|x86.ActiveCfg = Release|Any CPU
		{8EB81515-E62C-4408-84E0-6C27E0293902}.Release|x86.Build.0 = Release|Any CPU
	EndGlobalSection
	GlobalSection(SolutionProperties) = preSolution
		HideSolutionNode = FALSE
	EndGlobalSection
	GlobalSection(ExtensibilityGlobals) = postSolution
		SolutionGuid = {ABC939A8-698D-4D13-B894-BA63EF229DEA}
	EndGlobalSection
EndGlobal
